// !$*UTF8*$!
{
	archiveVersion = 1;
	classes = {
	};
	objectVersion = 77;
	objects = {

/* Begin PBXBuildFile section */
		E4CA026D2CFE17EF00DB85E7 /* SocketIO in Frameworks */ = {isa = PBXBuildFile; productRef = E4CA026C2CFE17EF00DB85E7 /* SocketIO */; };
/* End PBXBuildFile section */

/* Begin PBXContainerItemProxy section */
		E42B81932CF5A0B5004457B4 /* PBXContainerItemProxy */ = {
			isa = PBXContainerItemProxy;
			containerPortal = E42B817A2CF5A0B3004457B4 /* Project object */;
			proxyType = 1;
			remoteGlobalIDString = E42B81812CF5A0B3004457B4;
			remoteInfo = TIc_Tac_Toe;
		};
		E42B819D2CF5A0B5004457B4 /* PBXContainerItemProxy */ = {
			isa = PBXContainerItemProxy;
			containerPortal = E42B817A2CF5A0B3004457B4 /* Project object */;
			proxyType = 1;
			remoteGlobalIDString = E42B81812CF5A0B3004457B4;
			remoteInfo = TIc_Tac_Toe;
		};
/* End PBXContainerItemProxy section */

/* Begin PBXFileReference section */
		E42B81822CF5A0B3004457B4 /* TIc_Tac_Toe.app */ = {isa = PBXFileReference; explicitFileType = wrapper.application; includeInIndex = 0; path = TIc_Tac_Toe.app; sourceTree = BUILT_PRODUCTS_DIR; };
		E42B81922CF5A0B5004457B4 /* TIc_Tac_ToeTests.xctest */ = {isa = PBXFileReference; explicitFileType = wrapper.cfbundle; includeInIndex = 0; path = TIc_Tac_ToeTests.xctest; sourceTree = BUILT_PRODUCTS_DIR; };
		E42B819C2CF5A0B5004457B4 /* TIc_Tac_ToeUITests.xctest */ = {isa = PBXFileReference; explicitFileType = wrapper.cfbundle; includeInIndex = 0; path = TIc_Tac_ToeUITests.xctest; sourceTree = BUILT_PRODUCTS_DIR; };
/* End PBXFileReference section */

/* Begin PBXFileSystemSynchronizedRootGroup section */
		E42B81842CF5A0B3004457B4 /* TIc_Tac_Toe */ = {
			isa = PBXFileSystemSynchronizedRootGroup;
			path = TIc_Tac_Toe;
			sourceTree = "<group>";
		};
		E42B81952CF5A0B5004457B4 /* TIc_Tac_ToeTests */ = {
			isa = PBXFileSystemSynchronizedRootGroup;
			path = TIc_Tac_ToeTests;
			sourceTree = "<group>";
		};
		E42B819F2CF5A0B5004457B4 /* TIc_Tac_ToeUITests */ = {
			isa = PBXFileSystemSynchronizedRootGroup;
			path = TIc_Tac_ToeUITests;
			sourceTree = "<group>";
		};
/* End PBXFileSystemSynchronizedRootGroup section */

/* Begin PBXFrameworksBuildPhase section */
		E42B817F2CF5A0B3004457B4 /* Frameworks */ = {
			isa = PBXFrameworksBuildPhase;
			buildActionMask = 2147483647;
			files = (
				E4CA026D2CFE17EF00DB85E7 /* SocketIO in Frameworks */,
			);
			runOnlyForDeploymentPostprocessing = 0;
		};
		E42B818F2CF5A0B5004457B4 /* Frameworks */ = {
			isa = PBXFrameworksBuildPhase;
			buildActionMask = 2147483647;
			files = (
			);
			runOnlyForDeploymentPostprocessing = 0;
		};
		E42B81992CF5A0B5004457B4 /* Frameworks */ = {
			isa = PBXFrameworksBuildPhase;
			buildActionMask = 2147483647;
			files = (
			);
			runOnlyForDeploymentPostprocessing = 0;
		};
/* End PBXFrameworksBuildPhase section */

/* Begin PBXGroup section */
		E42B81792CF5A0B3004457B4 = {
			isa = PBXGroup;
			children = (
				E42B81842CF5A0B3004457B4 /* TIc_Tac_Toe */,
				E42B81952CF5A0B5004457B4 /* TIc_Tac_ToeTests */,
				E42B819F2CF5A0B5004457B4 /* TIc_Tac_ToeUITests */,
				E42B81832CF5A0B3004457B4 /* Products */,
			);
			sourceTree = "<group>";
		};
		E42B81832CF5A0B3004457B4 /* Products */ = {
			isa = PBXGroup;
			children = (
				E42B81822CF5A0B3004457B4 /* TIc_Tac_Toe.app */,
				E42B81922CF5A0B5004457B4 /* TIc_Tac_ToeTests.xctest */,
				E42B819C2CF5A0B5004457B4 /* TIc_Tac_ToeUITests.xctest */,
			);
			name = Products;
			sourceTree = "<group>";
		};
/* End PBXGroup section */

/* Begin PBXNativeTarget section */
		E42B81812CF5A0B3004457B4 /* TIc_Tac_Toe */ = {
			isa = PBXNativeTarget;
			buildConfigurationList = E42B81A62CF5A0B5004457B4 /* Build configuration list for PBXNativeTarget "TIc_Tac_Toe" */;
			buildPhases = (
				E42B817E2CF5A0B3004457B4 /* Sources */,
				E42B817F2CF5A0B3004457B4 /* Frameworks */,
				E42B81802CF5A0B3004457B4 /* Resources */,
			);
			buildRules = (
			);
			dependencies = (
			);
			fileSystemSynchronizedGroups = (
				E42B81842CF5A0B3004457B4 /* TIc_Tac_Toe */,
			);
			name = TIc_Tac_Toe;
			packageProductDependencies = (
				E4CA026C2CFE17EF00DB85E7 /* SocketIO */,
			);
			productName = TIc_Tac_Toe;
			productReference = E42B81822CF5A0B3004457B4 /* TIc_Tac_Toe.app */;
			productType = "com.apple.product-type.application";
		};
		E42B81912CF5A0B5004457B4 /* TIc_Tac_ToeTests */ = {
			isa = PBXNativeTarget;
			buildConfigurationList = E42B81A92CF5A0B5004457B4 /* Build configuration list for PBXNativeTarget "TIc_Tac_ToeTests" */;
			buildPhases = (
				E42B818E2CF5A0B5004457B4 /* Sources */,
				E42B818F2CF5A0B5004457B4 /* Frameworks */,
				E42B81902CF5A0B5004457B4 /* Resources */,
			);
			buildRules = (
			);
			dependencies = (
				E42B81942CF5A0B5004457B4 /* PBXTargetDependency */,
			);
			fileSystemSynchronizedGroups = (
				E42B81952CF5A0B5004457B4 /* TIc_Tac_ToeTests */,
			);
			name = TIc_Tac_ToeTests;
			packageProductDependencies = (
			);
			productName = TIc_Tac_ToeTests;
			productReference = E42B81922CF5A0B5004457B4 /* TIc_Tac_ToeTests.xctest */;
			productType = "com.apple.product-type.bundle.unit-test";
		};
		E42B819B2CF5A0B5004457B4 /* TIc_Tac_ToeUITests */ = {
			isa = PBXNativeTarget;
			buildConfigurationList = E42B81AC2CF5A0B5004457B4 /* Build configuration list for PBXNativeTarget "TIc_Tac_ToeUITests" */;
			buildPhases = (
				E42B81982CF5A0B5004457B4 /* Sources */,
				E42B81992CF5A0B5004457B4 /* Frameworks */,
				E42B819A2CF5A0B5004457B4 /* Resources */,
			);
			buildRules = (
			);
			dependencies = (
				E42B819E2CF5A0B5004457B4 /* PBXTargetDependency */,
			);
			fileSystemSynchronizedGroups = (
				E42B819F2CF5A0B5004457B4 /* TIc_Tac_ToeUITests */,
			);
			name = TIc_Tac_ToeUITests;
			packageProductDependencies = (
			);
			productName = TIc_Tac_ToeUITests;
			productReference = E42B819C2CF5A0B5004457B4 /* TIc_Tac_ToeUITests.xctest */;
			productType = "com.apple.product-type.bundle.ui-testing";
		};
/* End PBXNativeTarget section */

/* Begin PBXProject section */
		E42B817A2CF5A0B3004457B4 /* Project object */ = {
			isa = PBXProject;
			attributes = {
				BuildIndependentTargetsInParallel = 1;
				LastSwiftUpdateCheck = 1610;
				LastUpgradeCheck = 1610;
				TargetAttributes = {
					E42B81812CF5A0B3004457B4 = {
						CreatedOnToolsVersion = 16.1;
					};
					E42B81912CF5A0B5004457B4 = {
						CreatedOnToolsVersion = 16.1;
						TestTargetID = E42B81812CF5A0B3004457B4;
					};
					E42B819B2CF5A0B5004457B4 = {
						CreatedOnToolsVersion = 16.1;
						TestTargetID = E42B81812CF5A0B3004457B4;
					};
				};
			};
			buildConfigurationList = E42B817D2CF5A0B3004457B4 /* Build configuration list for PBXProject "TIc_Tac_Toe" */;
			developmentRegion = en;
			hasScannedForEncodings = 0;
			knownRegions = (
				en,
				Base,
			);
			mainGroup = E42B81792CF5A0B3004457B4;
			minimizedProjectReferenceProxies = 1;
			packageReferences = (
				E4CA026B2CFE170100DB85E7 /* XCRemoteSwiftPackageReference "socket.io-client-swift" */,
			);
			preferredProjectObjectVersion = 77;
			productRefGroup = E42B81832CF5A0B3004457B4 /* Products */;
			projectDirPath = "";
			projectRoot = "";
			targets = (
				E42B81812CF5A0B3004457B4 /* TIc_Tac_Toe */,
				E42B81912CF5A0B5004457B4 /* TIc_Tac_ToeTests */,
				E42B819B2CF5A0B5004457B4 /* TIc_Tac_ToeUITests */,
			);
		};
/* End PBXProject section */

/* Begin PBXResourcesBuildPhase section */
		E42B81802CF5A0B3004457B4 /* Resources */ = {
			isa = PBXResourcesBuildPhase;
			buildActionMask = 2147483647;
			files = (
			);
			runOnlyForDeploymentPostprocessing = 0;
		};
		E42B81902CF5A0B5004457B4 /* Resources */ = {
			isa = PBXResourcesBuildPhase;
			buildActionMask = 2147483647;
			files = (
			);
			runOnlyForDeploymentPostprocessing = 0;
		};
		E42B819A2CF5A0B5004457B4 /* Resources */ = {
			isa = PBXResourcesBuildPhase;
			buildActionMask = 2147483647;
			files = (
			);
			runOnlyForDeploymentPostprocessing = 0;
		};
/* End PBXResourcesBuildPhase section */

/* Begin PBXSourcesBuildPhase section */
		E42B817E2CF5A0B3004457B4 /* Sources */ = {
			isa = PBXSourcesBuildPhase;
			buildActionMask = 2147483647;
			files = (
			);
			runOnlyForDeploymentPostprocessing = 0;
		};
		E42B818E2CF5A0B5004457B4 /* Sources */ = {
			isa = PBXSourcesBuildPhase;
			buildActionMask = 2147483647;
			files = (
			);
			runOnlyForDeploymentPostprocessing = 0;
		};
		E42B81982CF5A0B5004457B4 /* Sources */ = {
			isa = PBXSourcesBuildPhase;
			buildActionMask = 2147483647;
			files = (
			);
			runOnlyForDeploymentPostprocessing = 0;
		};
/* End PBXSourcesBuildPhase section */

/* Begin PBXTargetDependency section */
		E42B81942CF5A0B5004457B4 /* PBXTargetDependency */ = {
			isa = PBXTargetDependency;
			target = E42B81812CF5A0B3004457B4 /* TIc_Tac_Toe */;
			targetProxy = E42B81932CF5A0B5004457B4 /* PBXContainerItemProxy */;
		};
		E42B819E2CF5A0B5004457B4 /* PBXTargetDependency */ = {
			isa = PBXTargetDependency;
			target = E42B81812CF5A0B3004457B4 /* TIc_Tac_Toe */;
			targetProxy = E42B819D2CF5A0B5004457B4 /* PBXContainerItemProxy */;
		};
/* End PBXTargetDependency section */

/* Begin XCBuildConfiguration section */
		E42B81A42CF5A0B5004457B4 /* Debug */ = {
			isa = XCBuildConfiguration;
			buildSettings = {
				ALWAYS_SEARCH_USER_PATHS = NO;
				ASSETCATALOG_COMPILER_GENERATE_SWIFT_ASSET_SYMBOL_EXTENSIONS = YES;
				CLANG_ANALYZER_NONNULL = YES;
				CLANG_ANALYZER_NUMBER_OBJECT_CONVERSION = YES_AGGRESSIVE;
				CLANG_CXX_LANGUAGE_STANDARD = "gnu++20";
				CLANG_ENABLE_MODULES = YES;
				CLANG_ENABLE_OBJC_ARC = YES;
				CLANG_ENABLE_OBJC_WEAK = YES;
				CLANG_WARN_BLOCK_CAPTURE_AUTORELEASING = YES;
				CLANG_WARN_BOOL_CONVERSION = YES;
				CLANG_WARN_COMMA = YES;
				CLANG_WARN_CONSTANT_CONVERSION = YES;
				CLANG_WARN_DEPRECATED_OBJC_IMPLEMENTATIONS = YES;
				CLANG_WARN_DIRECT_OBJC_ISA_USAGE = YES_ERROR;
				CLANG_WARN_DOCUMENTATION_COMMENTS = YES;
				CLANG_WARN_EMPTY_BODY = YES;
				CLANG_WARN_ENUM_CONVERSION = YES;
				CLANG_WARN_INFINITE_RECURSION = YES;
				CLANG_WARN_INT_CONVERSION = YES;
				CLANG_WARN_NON_LITERAL_NULL_CONVERSION = YES;
				CLANG_WARN_OBJC_IMPLICIT_RETAIN_SELF = YES;
				CLANG_WARN_OBJC_LITERAL_CONVERSION = YES;
				CLANG_WARN_OBJC_ROOT_CLASS = YES_ERROR;
				CLANG_WARN_QUOTED_INCLUDE_IN_FRAMEWORK_HEADER = YES;
				CLANG_WARN_RANGE_LOOP_ANALYSIS = YES;
				CLANG_WARN_STRICT_PROTOTYPES = YES;
				CLANG_WARN_SUSPICIOUS_MOVE = YES;
				CLANG_WARN_UNGUARDED_AVAILABILITY = YES_AGGRESSIVE;
				CLANG_WARN_UNREACHABLE_CODE = YES;
				CLANG_WARN__DUPLICATE_METHOD_MATCH = YES;
				COPY_PHASE_STRIP = NO;
				DEBUG_INFORMATION_FORMAT = dwarf;
				ENABLE_STRICT_OBJC_MSGSEND = YES;
				ENABLE_TESTABILITY = YES;
				ENABLE_USER_SCRIPT_SANDBOXING = YES;
				GCC_C_LANGUAGE_STANDARD = gnu17;
				GCC_DYNAMIC_NO_PIC = NO;
				GCC_NO_COMMON_BLOCKS = YES;
				GCC_OPTIMIZATION_LEVEL = 0;
				GCC_PREPROCESSOR_DEFINITIONS = (
					"DEBUG=1",
					"$(inherited)",
				);
				GCC_WARN_64_TO_32_BIT_CONVERSION = YES;
				GCC_WARN_ABOUT_RETURN_TYPE = YES_ERROR;
				GCC_WARN_UNDECLARED_SELECTOR = YES;
				GCC_WARN_UNINITIALIZED_AUTOS = YES_AGGRESSIVE;
				GCC_WARN_UNUSED_FUNCTION = YES;
				GCC_WARN_UNUSED_VARIABLE = YES;
				IPHONEOS_DEPLOYMENT_TARGET = 18.1;
				LOCALIZATION_PREFERS_STRING_CATALOGS = YES;
				MTL_ENABLE_DEBUG_INFO = INCLUDE_SOURCE;
				MTL_FAST_MATH = YES;
				ONLY_ACTIVE_ARCH = YES;
				SDKROOT = iphoneos;
				SWIFT_ACTIVE_COMPILATION_CONDITIONS = "DEBUG $(inherited)";
				SWIFT_OPTIMIZATION_LEVEL = "-Onone";
			};
			name = Debug;
		};
		E42B81A52CF5A0B5004457B4 /* Release */ = {
			isa = XCBuildConfiguration;
			buildSettings = {
				ALWAYS_SEARCH_USER_PATHS = NO;
				ASSETCATALOG_COMPILER_GENERATE_SWIFT_ASSET_SYMBOL_EXTENSIONS = YES;
				CLANG_ANALYZER_NONNULL = YES;
				CLANG_ANALYZER_NUMBER_OBJECT_CONVERSION = YES_AGGRESSIVE;
				CLANG_CXX_LANGUAGE_STANDARD = "gnu++20";
				CLANG_ENABLE_MODULES = YES;
				CLANG_ENABLE_OBJC_ARC = YES;
				CLANG_ENABLE_OBJC_WEAK = YES;
				CLANG_WARN_BLOCK_CAPTURE_AUTORELEASING = YES;
				CLANG_WARN_BOOL_CONVERSION = YES;
				CLANG_WARN_COMMA = YES;
				CLANG_WARN_CONSTANT_CONVERSION = YES;
				CLANG_WARN_DEPRECATED_OBJC_IMPLEMENTATIONS = YES;
				CLANG_WARN_DIRECT_OBJC_ISA_USAGE = YES_ERROR;
				CLANG_WARN_DOCUMENTATION_COMMENTS = YES;
				CLANG_WARN_EMPTY_BODY = YES;
				CLANG_WARN_ENUM_CONVERSION = YES;
				CLANG_WARN_INFINITE_RECURSION = YES;
				CLANG_WARN_INT_CONVERSION = YES;
				CLANG_WARN_NON_LITERAL_NULL_CONVERSION = YES;
				CLANG_WARN_OBJC_IMPLICIT_RETAIN_SELF = YES;
				CLANG_WARN_OBJC_LITERAL_CONVERSION = YES;
				CLANG_WARN_OBJC_ROOT_CLASS = YES_ERROR;
				CLANG_WARN_QUOTED_INCLUDE_IN_FRAMEWORK_HEADER = YES;
				CLANG_WARN_RANGE_LOOP_ANALYSIS = YES;
				CLANG_WARN_STRICT_PROTOTYPES = YES;
				CLANG_WARN_SUSPICIOUS_MOVE = YES;
				CLANG_WARN_UNGUARDED_AVAILABILITY = YES_AGGRESSIVE;
				CLANG_WARN_UNREACHABLE_CODE = YES;
				CLANG_WARN__DUPLICATE_METHOD_MATCH = YES;
				COPY_PHASE_STRIP = NO;
				DEBUG_INFORMATION_FORMAT = "dwarf-with-dsym";
				ENABLE_NS_ASSERTIONS = NO;
				ENABLE_STRICT_OBJC_MSGSEND = YES;
				ENABLE_USER_SCRIPT_SANDBOXING = YES;
				GCC_C_LANGUAGE_STANDARD = gnu17;
				GCC_NO_COMMON_BLOCKS = YES;
				GCC_WARN_64_TO_32_BIT_CONVERSION = YES;
				GCC_WARN_ABOUT_RETURN_TYPE = YES_ERROR;
				GCC_WARN_UNDECLARED_SELECTOR = YES;
				GCC_WARN_UNINITIALIZED_AUTOS = YES_AGGRESSIVE;
				GCC_WARN_UNUSED_FUNCTION = YES;
				GCC_WARN_UNUSED_VARIABLE = YES;
				IPHONEOS_DEPLOYMENT_TARGET = 18.1;
				LOCALIZATION_PREFERS_STRING_CATALOGS = YES;
				MTL_ENABLE_DEBUG_INFO = NO;
				MTL_FAST_MATH = YES;
				SDKROOT = iphoneos;
				SWIFT_COMPILATION_MODE = wholemodule;
				VALIDATE_PRODUCT = YES;
			};
			name = Release;
		};
		E42B81A72CF5A0B5004457B4 /* Debug */ = {
			isa = XCBuildConfiguration;
			buildSettings = {
				ASSETCATALOG_COMPILER_APPICON_NAME = AppIcon;
				ASSETCATALOG_COMPILER_GLOBAL_ACCENT_COLOR_NAME = AccentColor;
				CODE_SIGN_STYLE = Automatic;
				CURRENT_PROJECT_VERSION = 1;
				DEVELOPMENT_ASSET_PATHS = "\"TIc_Tac_Toe/Preview Content\"";
				ENABLE_PREVIEWS = YES;
				GENERATE_INFOPLIST_FILE = YES;
				INFOPLIST_KEY_UIApplicationSceneManifest_Generation = YES;
				INFOPLIST_KEY_UIApplicationSupportsIndirectInputEvents = YES;
				INFOPLIST_KEY_UILaunchScreen_Generation = YES;
				INFOPLIST_KEY_UISupportedInterfaceOrientations_iPad = "UIInterfaceOrientationPortrait UIInterfaceOrientationPortraitUpsideDown UIInterfaceOrientationLandscapeLeft UIInterfaceOrientationLandscapeRight";
				INFOPLIST_KEY_UISupportedInterfaceOrientations_iPhone = "UIInterfaceOrientationPortrait UIInterfaceOrientationLandscapeLeft UIInterfaceOrientationLandscapeRight";
				LD_RUNPATH_SEARCH_PATHS = (
					"$(inherited)",
					"@executable_path/Frameworks",
				);
				MARKETING_VERSION = 1.0;
				PRODUCT_BUNDLE_IDENTIFIER = "edu.unik.TIc-Tac-Toe";
				PRODUCT_NAME = "$(TARGET_NAME)";
				SWIFT_EMIT_LOC_STRINGS = YES;
				SWIFT_VERSION = 5.0;
				TARGETED_DEVICE_FAMILY = "1,2";
			};
			name = Debug;
		};
		E42B81A82CF5A0B5004457B4 /* Release */ = {
			isa = XCBuildConfiguration;
			buildSettings = {
				ASSETCATALOG_COMPILER_APPICON_NAME = AppIcon;
				ASSETCATALOG_COMPILER_GLOBAL_ACCENT_COLOR_NAME = AccentColor;
				CODE_SIGN_STYLE = Automatic;
				CURRENT_PROJECT_VERSION = 1;
				DEVELOPMENT_ASSET_PATHS = "\"TIc_Tac_Toe/Preview Content\"";
				ENABLE_PREVIEWS = YES;
				GENERATE_INFOPLIST_FILE = YES;
				INFOPLIST_KEY_UIApplicationSceneManifest_Generation = YES;
				INFOPLIST_KEY_UIApplicationSupportsIndirectInputEvents = YES;
				INFOPLIST_KEY_UILaunchScreen_Generation = YES;
				INFOPLIST_KEY_UISupportedInterfaceOrientations_iPad = "UIInterfaceOrientationPortrait UIInterfaceOrientationPortraitUpsideDown UIInterfaceOrientationLandscapeLeft UIInterfaceOrientationLandscapeRight";
				INFOPLIST_KEY_UISupportedInterfaceOrientations_iPhone = "UIInterfaceOrientationPortrait UIInterfaceOrientationLandscapeLeft UIInterfaceOrientationLandscapeRight";
				LD_RUNPATH_SEARCH_PATHS = (
					"$(inherited)",
					"@executable_path/Frameworks",
				);
				MARKETING_VERSION = 1.0;
				PRODUCT_BUNDLE_IDENTIFIER = "edu.unik.TIc-Tac-Toe";
				PRODUCT_NAME = "$(TARGET_NAME)";
				SWIFT_EMIT_LOC_STRINGS = YES;
				SWIFT_VERSION = 5.0;
				TARGETED_DEVICE_FAMILY = "1,2";
			};
			name = Release;
		};
		E42B81AA2CF5A0B5004457B4 /* Debug */ = {
			isa = XCBuildConfiguration;
			buildSettings = {
				BUNDLE_LOADER = "$(TEST_HOST)";
				CODE_SIGN_STYLE = Automatic;
				CURRENT_PROJECT_VERSION = 1;
				GENERATE_INFOPLIST_FILE = YES;
				IPHONEOS_DEPLOYMENT_TARGET = 18.1;
				MARKETING_VERSION = 1.0;
				PRODUCT_BUNDLE_IDENTIFIER = "edu.unik.TIc-Tac-ToeTests";
				PRODUCT_NAME = "$(TARGET_NAME)";
				SWIFT_EMIT_LOC_STRINGS = NO;
				SWIFT_VERSION = 5.0;
				TARGETED_DEVICE_FAMILY = "1,2";
				TEST_HOST = "$(BUILT_PRODUCTS_DIR)/TIc_Tac_Toe.app/$(BUNDLE_EXECUTABLE_FOLDER_PATH)/TIc_Tac_Toe";
			};
			name = Debug;
		};
		E42B81AB2CF5A0B5004457B4 /* Release */ = {
			isa = XCBuildConfiguration;
			buildSettings = {
				BUNDLE_LOADER = "$(TEST_HOST)";
				CODE_SIGN_STYLE = Automatic;
				CURRENT_PROJECT_VERSION = 1;
				GENERATE_INFOPLIST_FILE = YES;
				IPHONEOS_DEPLOYMENT_TARGET = 18.1;
				MARKETING_VERSION = 1.0;
				PRODUCT_BUNDLE_IDENTIFIER = "edu.unik.TIc-Tac-ToeTests";
				PRODUCT_NAME = "$(TARGET_NAME)";
				SWIFT_EMIT_LOC_STRINGS = NO;
				SWIFT_VERSION = 5.0;
				TARGETED_DEVICE_FAMILY = "1,2";
				TEST_HOST = "$(BUILT_PRODUCTS_DIR)/TIc_Tac_Toe.app/$(BUNDLE_EXECUTABLE_FOLDER_PATH)/TIc_Tac_Toe";
			};
			name = Release;
		};
		E42B81AD2CF5A0B5004457B4 /* Debug */ = {
			isa = XCBuildConfiguration;
			buildSettings = {
				CODE_SIGN_STYLE = Automatic;
				CURRENT_PROJECT_VERSION = 1;
				GENERATE_INFOPLIST_FILE = YES;
				MARKETING_VERSION = 1.0;
				PRODUCT_BUNDLE_IDENTIFIER = "edu.unik.TIc-Tac-ToeUITests";
				PRODUCT_NAME = "$(TARGET_NAME)";
				SWIFT_EMIT_LOC_STRINGS = NO;
				SWIFT_VERSION = 5.0;
				TARGETED_DEVICE_FAMILY = "1,2";
				TEST_TARGET_NAME = TIc_Tac_Toe;
			};
			name = Debug;
		};
		E42B81AE2CF5A0B5004457B4 /* Release */ = {
			isa = XCBuildConfiguration;
			buildSettings = {
				CODE_SIGN_STYLE = Automatic;
				CURRENT_PROJECT_VERSION = 1;
				GENERATE_INFOPLIST_FILE = YES;
				MARKETING_VERSION = 1.0;
				PRODUCT_BUNDLE_IDENTIFIER = "edu.unik.TIc-Tac-ToeUITests";
				PRODUCT_NAME = "$(TARGET_NAME)";
				SWIFT_EMIT_LOC_STRINGS = NO;
				SWIFT_VERSION = 5.0;
				TARGETED_DEVICE_FAMILY = "1,2";
				TEST_TARGET_NAME = TIc_Tac_Toe;
			};
			name = Release;
		};
/* End XCBuildConfiguration section */

/* Begin XCConfigurationList section */
		E42B817D2CF5A0B3004457B4 /* Build configuration list for PBXProject "TIc_Tac_Toe" */ = {
			isa = XCConfigurationList;
			buildConfigurations = (
				E42B81A42CF5A0B5004457B4 /* Debug */,
				E42B81A52CF5A0B5004457B4 /* Release */,
			);
			defaultConfigurationIsVisible = 0;
			defaultConfigurationName = Release;
		};
		E42B81A62CF5A0B5004457B4 /* Build configuration list for PBXNativeTarget "TIc_Tac_Toe" */ = {
			isa = XCConfigurationList;
			buildConfigurations = (
				E42B81A72CF5A0B5004457B4 /* Debug */,
				E42B81A82CF5A0B5004457B4 /* Release */,
			);
			defaultConfigurationIsVisible = 0;
			defaultConfigurationName = Release;
		};
		E42B81A92CF5A0B5004457B4 /* Build configuration list for PBXNativeTarget "TIc_Tac_ToeTests" */ = {
			isa = XCConfigurationList;
			buildConfigurations = (
				E42B81AA2CF5A0B5004457B4 /* Debug */,
				E42B81AB2CF5A0B5004457B4 /* Release */,
			);
			defaultConfigurationIsVisible = 0;
			defaultConfigurationName = Release;
		};
		E42B81AC2CF5A0B5004457B4 /* Build configuration list for PBXNativeTarget "TIc_Tac_ToeUITests" */ = {
			isa = XCConfigurationList;
			buildConfigurations = (
				E42B81AD2CF5A0B5004457B4 /* Debug */,
				E42B81AE2CF5A0B5004457B4 /* Release */,
			);
			defaultConfigurationIsVisible = 0;
			defaultConfigurationName = Release;
		};
/* End XCConfigurationList section */

/* Begin XCRemoteSwiftPackageReference section */
		E4CA026B2CFE170100DB85E7 /* XCRemoteSwiftPackageReference "socket.io-client-swift" */ = {
			isa = XCRemoteSwiftPackageReference;
			repositoryURL = "https://github.com/socketio/socket.io-client-swift.git";
			requirement = {
				branch = master;
				kind = branch;
			};
		};
/* End XCRemoteSwiftPackageReference section */

/* Begin XCSwiftPackageProductDependency section */
		E4CA026C2CFE17EF00DB85E7 /* SocketIO */ = {
			isa = XCSwiftPackageProductDependency;
			package = E4CA026B2CFE170100DB85E7 /* XCRemoteSwiftPackageReference "socket.io-client-swift" */;
			productName = SocketIO;
		};
/* End XCSwiftPackageProductDependency section */
	};
	rootObject = E42B817A2CF5A0B3004457B4 /* Project object */;
}
